
Microsoft Visual Studio Solution File, Format Version 12.00
# Visual Studio Version 17
Project("{2150E333-8FDC-42A3-9474-1A3956D46DE8}") = "CMakePredefinedTargets", "CMakePredefinedTargets", "{95B29574-AA2A-3377-BD2F-9CAE436B6E54}"
EndProject
Project("{2150E333-8FDC-42A3-9474-1A3956D46DE8}") = "External", "External", "{EAFED12E-B445-360D-BACF-B5B2D98803DF}"
EndProject
Project("{2150E333-8FDC-42A3-9474-1A3956D46DE8}") = "Internal", "Internal", "{1316EBDB-8491-3CD2-814C-6C5A87763015}"
EndProject
Project("{2150E333-8FDC-42A3-9474-1A3956D46DE8}") = "Utils", "Utils", "{6EF80EC2-CB16-39F8-A500-61113CDB665E}"
EndProject
Project("{8BC9CEB8-8B4A-11D0-8D11-00A0C91BC942}") = "ALL_BUILD", "ALL_BUILD.vcxproj", "{18528C31-05DE-3406-9C53-A9B01888D47B}"
	ProjectSection(ProjectDependencies) = postProject
		{F250682E-1F73-335B-9735-4E87B8E293B8} = {F250682E-1F73-335B-9735-4E87B8E293B8}
		{1B4FFDEA-E766-3F5D-B3CD-12AD07AFF533} = {1B4FFDEA-E766-3F5D-B3CD-12AD07AFF533}
		{E062148F-79EB-3CF6-83D7-0FAF24825822} = {E062148F-79EB-3CF6-83D7-0FAF24825822}
		{0C5AAAC5-36E2-3982-8B30-8E7CF7F829F1} = {0C5AAAC5-36E2-3982-8B30-8E7CF7F829F1}
		{B22E7A56-2294-34CC-93DD-55E9621567F9} = {B22E7A56-2294-34CC-93DD-55E9621567F9}
		{7673B4D0-6D8C-395D-BC12-D08323A69013} = {7673B4D0-6D8C-395D-BC12-D08323A69013}
		{516E3257-6BED-3B38-AC28-38716260222A} = {516E3257-6BED-3B38-AC28-38716260222A}
		{4E690B10-B59B-33F7-827F-8F043BF60773} = {4E690B10-B59B-33F7-827F-8F043BF60773}
		{8AE7A78B-C05B-3C4C-B74F-5AF5E6CFD398} = {8AE7A78B-C05B-3C4C-B74F-5AF5E6CFD398}
		{5BB8C352-9853-3EC2-9A6D-833587308E29} = {5BB8C352-9853-3EC2-9A6D-833587308E29}
		{D41D6DCF-3F5B-355B-85A6-32605E38920A} = {D41D6DCF-3F5B-355B-85A6-32605E38920A}
		{CEFA1A08-7CA5-3B8F-9E26-8816FA550D34} = {CEFA1A08-7CA5-3B8F-9E26-8816FA550D34}
		{579BC233-791F-3A35-B1F1-707CA0791E5E} = {579BC233-791F-3A35-B1F1-707CA0791E5E}
		{092F8BFE-2635-34B6-AAD3-16433FFCB44C} = {092F8BFE-2635-34B6-AAD3-16433FFCB44C}
		{FC97851C-A277-332E-83B0-2864CAF0ED67} = {FC97851C-A277-332E-83B0-2864CAF0ED67}
	EndProjectSection
EndProject
Project("{8BC9CEB8-8B4A-11D0-8D11-00A0C91BC942}") = "SYNC_RESOURCE-simple_game", "SYNC_RESOURCE-simple_game.vcxproj", "{F250682E-1F73-335B-9735-4E87B8E293B8}"
	ProjectSection(ProjectDependencies) = postProject
		{1B4FFDEA-E766-3F5D-B3CD-12AD07AFF533} = {1B4FFDEA-E766-3F5D-B3CD-12AD07AFF533}
	EndProjectSection
EndProject
Project("{8BC9CEB8-8B4A-11D0-8D11-00A0C91BC942}") = "ZERO_CHECK", "ZERO_CHECK.vcxproj", "{1B4FFDEA-E766-3F5D-B3CD-12AD07AFF533}"
	ProjectSection(ProjectDependencies) = postProject
	EndProjectSection
EndProject
Project("{8BC9CEB8-8B4A-11D0-8D11-00A0C91BC942}") = "cocos2d", "engine\cocos\core\cocos2d.vcxproj", "{E062148F-79EB-3CF6-83D7-0FAF24825822}"
	ProjectSection(ProjectDependencies) = postProject
		{1B4FFDEA-E766-3F5D-B3CD-12AD07AFF533} = {1B4FFDEA-E766-3F5D-B3CD-12AD07AFF533}
		{0C5AAAC5-36E2-3982-8B30-8E7CF7F829F1} = {0C5AAAC5-36E2-3982-8B30-8E7CF7F829F1}
		{B22E7A56-2294-34CC-93DD-55E9621567F9} = {B22E7A56-2294-34CC-93DD-55E9621567F9}
		{7673B4D0-6D8C-395D-BC12-D08323A69013} = {7673B4D0-6D8C-395D-BC12-D08323A69013}
		{516E3257-6BED-3B38-AC28-38716260222A} = {516E3257-6BED-3B38-AC28-38716260222A}
		{4E690B10-B59B-33F7-827F-8F043BF60773} = {4E690B10-B59B-33F7-827F-8F043BF60773}
		{8AE7A78B-C05B-3C4C-B74F-5AF5E6CFD398} = {8AE7A78B-C05B-3C4C-B74F-5AF5E6CFD398}
		{5BB8C352-9853-3EC2-9A6D-833587308E29} = {5BB8C352-9853-3EC2-9A6D-833587308E29}
		{D41D6DCF-3F5B-355B-85A6-32605E38920A} = {D41D6DCF-3F5B-355B-85A6-32605E38920A}
		{CEFA1A08-7CA5-3B8F-9E26-8816FA550D34} = {CEFA1A08-7CA5-3B8F-9E26-8816FA550D34}
		{579BC233-791F-3A35-B1F1-707CA0791E5E} = {579BC233-791F-3A35-B1F1-707CA0791E5E}
		{092F8BFE-2635-34B6-AAD3-16433FFCB44C} = {092F8BFE-2635-34B6-AAD3-16433FFCB44C}
	EndProjectSection
EndProject
Project("{8BC9CEB8-8B4A-11D0-8D11-00A0C91BC942}") = "ext_clipper", "engine\external\clipper\ext_clipper.vcxproj", "{0C5AAAC5-36E2-3982-8B30-8E7CF7F829F1}"
	ProjectSection(ProjectDependencies) = postProject
		{1B4FFDEA-E766-3F5D-B3CD-12AD07AFF533} = {1B4FFDEA-E766-3F5D-B3CD-12AD07AFF533}
	EndProjectSection
EndProject
Project("{8BC9CEB8-8B4A-11D0-8D11-00A0C91BC942}") = "ext_convertUTF", "engine\external\ConvertUTF\ext_convertUTF.vcxproj", "{B22E7A56-2294-34CC-93DD-55E9621567F9}"
	ProjectSection(ProjectDependencies) = postProject
		{1B4FFDEA-E766-3F5D-B3CD-12AD07AFF533} = {1B4FFDEA-E766-3F5D-B3CD-12AD07AFF533}
	EndProjectSection
EndProject
Project("{8BC9CEB8-8B4A-11D0-8D11-00A0C91BC942}") = "ext_edtaa3func", "engine\external\edtaa3func\ext_edtaa3func.vcxproj", "{7673B4D0-6D8C-395D-BC12-D08323A69013}"
	ProjectSection(ProjectDependencies) = postProject
		{1B4FFDEA-E766-3F5D-B3CD-12AD07AFF533} = {1B4FFDEA-E766-3F5D-B3CD-12AD07AFF533}
	EndProjectSection
EndProject
Project("{8BC9CEB8-8B4A-11D0-8D11-00A0C91BC942}") = "ext_md5", "engine\external\md5\ext_md5.vcxproj", "{516E3257-6BED-3B38-AC28-38716260222A}"
	ProjectSection(ProjectDependencies) = postProject
		{1B4FFDEA-E766-3F5D-B3CD-12AD07AFF533} = {1B4FFDEA-E766-3F5D-B3CD-12AD07AFF533}
	EndProjectSection
EndProject
Project("{8BC9CEB8-8B4A-11D0-8D11-00A0C91BC942}") = "ext_poly2tri", "engine\external\poly2tri\ext_poly2tri.vcxproj", "{4E690B10-B59B-33F7-827F-8F043BF60773}"
	ProjectSection(ProjectDependencies) = postProject
		{1B4FFDEA-E766-3F5D-B3CD-12AD07AFF533} = {1B4FFDEA-E766-3F5D-B3CD-12AD07AFF533}
	EndProjectSection
EndProject
Project("{8BC9CEB8-8B4A-11D0-8D11-00A0C91BC942}") = "ext_recast", "engine\external\recast\ext_recast.vcxproj", "{8AE7A78B-C05B-3C4C-B74F-5AF5E6CFD398}"
	ProjectSection(ProjectDependencies) = postProject
		{1B4FFDEA-E766-3F5D-B3CD-12AD07AFF533} = {1B4FFDEA-E766-3F5D-B3CD-12AD07AFF533}
	EndProjectSection
EndProject
Project("{8BC9CEB8-8B4A-11D0-8D11-00A0C91BC942}") = "ext_tinyxml2", "engine\external\tinyxml2\ext_tinyxml2.vcxproj", "{5BB8C352-9853-3EC2-9A6D-833587308E29}"
	ProjectSection(ProjectDependencies) = postProject
		{1B4FFDEA-E766-3F5D-B3CD-12AD07AFF533} = {1B4FFDEA-E766-3F5D-B3CD-12AD07AFF533}
	EndProjectSection
EndProject
Project("{8BC9CEB8-8B4A-11D0-8D11-00A0C91BC942}") = "ext_unzip", "engine\external\unzip\ext_unzip.vcxproj", "{D41D6DCF-3F5B-355B-85A6-32605E38920A}"
	ProjectSection(ProjectDependencies) = postProject
		{1B4FFDEA-E766-3F5D-B3CD-12AD07AFF533} = {1B4FFDEA-E766-3F5D-B3CD-12AD07AFF533}
	EndProjectSection
EndProject
Project("{8BC9CEB8-8B4A-11D0-8D11-00A0C91BC942}") = "ext_xxhash", "engine\external\xxhash\ext_xxhash.vcxproj", "{CEFA1A08-7CA5-3B8F-9E26-8816FA550D34}"
	ProjectSection(ProjectDependencies) = postProject
		{1B4FFDEA-E766-3F5D-B3CD-12AD07AFF533} = {1B4FFDEA-E766-3F5D-B3CD-12AD07AFF533}
	EndProjectSection
EndProject
Project("{8BC9CEB8-8B4A-11D0-8D11-00A0C91BC942}") = "ext_xxtea", "engine\external\xxtea\ext_xxtea.vcxproj", "{579BC233-791F-3A35-B1F1-707CA0791E5E}"
	ProjectSection(ProjectDependencies) = postProject
		{1B4FFDEA-E766-3F5D-B3CD-12AD07AFF533} = {1B4FFDEA-E766-3F5D-B3CD-12AD07AFF533}
	EndProjectSection
EndProject
Project("{8BC9CEB8-8B4A-11D0-8D11-00A0C91BC942}") = "external", "engine\external\external.vcxproj", "{092F8BFE-2635-34B6-AAD3-16433FFCB44C}"
	ProjectSection(ProjectDependencies) = postProject
		{1B4FFDEA-E766-3F5D-B3CD-12AD07AFF533} = {1B4FFDEA-E766-3F5D-B3CD-12AD07AFF533}
		{0C5AAAC5-36E2-3982-8B30-8E7CF7F829F1} = {0C5AAAC5-36E2-3982-8B30-8E7CF7F829F1}
		{B22E7A56-2294-34CC-93DD-55E9621567F9} = {B22E7A56-2294-34CC-93DD-55E9621567F9}
		{7673B4D0-6D8C-395D-BC12-D08323A69013} = {7673B4D0-6D8C-395D-BC12-D08323A69013}
		{516E3257-6BED-3B38-AC28-38716260222A} = {516E3257-6BED-3B38-AC28-38716260222A}
		{4E690B10-B59B-33F7-827F-8F043BF60773} = {4E690B10-B59B-33F7-827F-8F043BF60773}
		{8AE7A78B-C05B-3C4C-B74F-5AF5E6CFD398} = {8AE7A78B-C05B-3C4C-B74F-5AF5E6CFD398}
		{5BB8C352-9853-3EC2-9A6D-833587308E29} = {5BB8C352-9853-3EC2-9A6D-833587308E29}
		{D41D6DCF-3F5B-355B-85A6-32605E38920A} = {D41D6DCF-3F5B-355B-85A6-32605E38920A}
		{CEFA1A08-7CA5-3B8F-9E26-8816FA550D34} = {CEFA1A08-7CA5-3B8F-9E26-8816FA550D34}
		{579BC233-791F-3A35-B1F1-707CA0791E5E} = {579BC233-791F-3A35-B1F1-707CA0791E5E}
	EndProjectSection
EndProject
Project("{8BC9CEB8-8B4A-11D0-8D11-00A0C91BC942}") = "simple_game", "simple_game.vcxproj", "{FC97851C-A277-332E-83B0-2864CAF0ED67}"
	ProjectSection(ProjectDependencies) = postProject
		{F250682E-1F73-335B-9735-4E87B8E293B8} = {F250682E-1F73-335B-9735-4E87B8E293B8}
		{1B4FFDEA-E766-3F5D-B3CD-12AD07AFF533} = {1B4FFDEA-E766-3F5D-B3CD-12AD07AFF533}
		{E062148F-79EB-3CF6-83D7-0FAF24825822} = {E062148F-79EB-3CF6-83D7-0FAF24825822}
		{0C5AAAC5-36E2-3982-8B30-8E7CF7F829F1} = {0C5AAAC5-36E2-3982-8B30-8E7CF7F829F1}
		{B22E7A56-2294-34CC-93DD-55E9621567F9} = {B22E7A56-2294-34CC-93DD-55E9621567F9}
		{7673B4D0-6D8C-395D-BC12-D08323A69013} = {7673B4D0-6D8C-395D-BC12-D08323A69013}
		{516E3257-6BED-3B38-AC28-38716260222A} = {516E3257-6BED-3B38-AC28-38716260222A}
		{4E690B10-B59B-33F7-827F-8F043BF60773} = {4E690B10-B59B-33F7-827F-8F043BF60773}
		{8AE7A78B-C05B-3C4C-B74F-5AF5E6CFD398} = {8AE7A78B-C05B-3C4C-B74F-5AF5E6CFD398}
		{5BB8C352-9853-3EC2-9A6D-833587308E29} = {5BB8C352-9853-3EC2-9A6D-833587308E29}
		{D41D6DCF-3F5B-355B-85A6-32605E38920A} = {D41D6DCF-3F5B-355B-85A6-32605E38920A}
		{CEFA1A08-7CA5-3B8F-9E26-8816FA550D34} = {CEFA1A08-7CA5-3B8F-9E26-8816FA550D34}
		{579BC233-791F-3A35-B1F1-707CA0791E5E} = {579BC233-791F-3A35-B1F1-707CA0791E5E}
		{092F8BFE-2635-34B6-AAD3-16433FFCB44C} = {092F8BFE-2635-34B6-AAD3-16433FFCB44C}
	EndProjectSection
EndProject
Global
	GlobalSection(SolutionConfigurationPlatforms) = preSolution
		Debug|Win32 = Debug|Win32
		Release|Win32 = Release|Win32
		MinSizeRel|Win32 = MinSizeRel|Win32
		RelWithDebInfo|Win32 = RelWithDebInfo|Win32
	EndGlobalSection
	GlobalSection(ProjectConfigurationPlatforms) = postSolution
		{18528C31-05DE-3406-9C53-A9B01888D47B}.Debug|Win32.ActiveCfg = Debug|Win32
		{18528C31-05DE-3406-9C53-A9B01888D47B}.Release|Win32.ActiveCfg = Release|Win32
		{18528C31-05DE-3406-9C53-A9B01888D47B}.MinSizeRel|Win32.ActiveCfg = MinSizeRel|Win32
		{18528C31-05DE-3406-9C53-A9B01888D47B}.RelWithDebInfo|Win32.ActiveCfg = RelWithDebInfo|Win32
		{F250682E-1F73-335B-9735-4E87B8E293B8}.Debug|Win32.ActiveCfg = Debug|Win32
		{F250682E-1F73-335B-9735-4E87B8E293B8}.Debug|Win32.Build.0 = Debug|Win32
		{F250682E-1F73-335B-9735-4E87B8E293B8}.Release|Win32.ActiveCfg = Release|Win32
		{F250682E-1F73-335B-9735-4E87B8E293B8}.Release|Win32.Build.0 = Release|Win32
		{F250682E-1F73-335B-9735-4E87B8E293B8}.MinSizeRel|Win32.ActiveCfg = MinSizeRel|Win32
		{F250682E-1F73-335B-9735-4E87B8E293B8}.MinSizeRel|Win32.Build.0 = MinSizeRel|Win32
		{F250682E-1F73-335B-9735-4E87B8E293B8}.RelWithDebInfo|Win32.ActiveCfg = RelWithDebInfo|Win32
		{F250682E-1F73-335B-9735-4E87B8E293B8}.RelWithDebInfo|Win32.Build.0 = RelWithDebInfo|Win32
		{1B4FFDEA-E766-3F5D-B3CD-12AD07AFF533}.Debug|Win32.ActiveCfg = Debug|Win32
		{1B4FFDEA-E766-3F5D-B3CD-12AD07AFF533}.Debug|Win32.Build.0 = Debug|Win32
		{1B4FFDEA-E766-3F5D-B3CD-12AD07AFF533}.Release|Win32.ActiveCfg = Release|Win32
		{1B4FFDEA-E766-3F5D-B3CD-12AD07AFF533}.Release|Win32.Build.0 = Release|Win32
		{1B4FFDEA-E766-3F5D-B3CD-12AD07AFF533}.MinSizeRel|Win32.ActiveCfg = MinSizeRel|Win32
		{1B4FFDEA-E766-3F5D-B3CD-12AD07AFF533}.MinSizeRel|Win32.Build.0 = MinSizeRel|Win32
		{1B4FFDEA-E766-3F5D-B3CD-12AD07AFF533}.RelWithDebInfo|Win32.ActiveCfg = RelWithDebInfo|Win32
		{1B4FFDEA-E766-3F5D-B3CD-12AD07AFF533}.RelWithDebInfo|Win32.Build.0 = RelWithDebInfo|Win32
		{E062148F-79EB-3CF6-83D7-0FAF24825822}.Debug|Win32.ActiveCfg = Debug|Win32
		{E062148F-79EB-3CF6-83D7-0FAF24825822}.Debug|Win32.Build.0 = Debug|Win32
		{E062148F-79EB-3CF6-83D7-0FAF24825822}.Release|Win32.ActiveCfg = Release|Win32
		{E062148F-79EB-3CF6-83D7-0FAF24825822}.Release|Win32.Build.0 = Release|Win32
		{E062148F-79EB-3CF6-83D7-0FAF24825822}.MinSizeRel|Win32.ActiveCfg = MinSizeRel|Win32
		{E062148F-79EB-3CF6-83D7-0FAF24825822}.MinSizeRel|Win32.Build.0 = MinSizeRel|Win32
		{E062148F-79EB-3CF6-83D7-0FAF24825822}.RelWithDebInfo|Win32.ActiveCfg = RelWithDebInfo|Win32
		{E062148F-79EB-3CF6-83D7-0FAF24825822}.RelWithDebInfo|Win32.Build.0 = RelWithDebInfo|Win32
		{0C5AAAC5-36E2-3982-8B30-8E7CF7F829F1}.Debug|Win32.ActiveCfg = Debug|Win32
		{0C5AAAC5-36E2-3982-8B30-8E7CF7F829F1}.Debug|Win32.Build.0 = Debug|Win32
		{0C5AAAC5-36E2-3982-8B30-8E7CF7F829F1}.Release|Win32.ActiveCfg = Release|Win32
		{0C5AAAC5-36E2-3982-8B30-8E7CF7F829F1}.Release|Win32.Build.0 = Release|Win32
		{0C5AAAC5-36E2-3982-8B30-8E7CF7F829F1}.MinSizeRel|Win32.ActiveCfg = MinSizeRel|Win32
		{0C5AAAC5-36E2-3982-8B30-8E7CF7F829F1}.MinSizeRel|Win32.Build.0 = MinSizeRel|Win32
		{0C5AAAC5-36E2-3982-8B30-8E7CF7F829F1}.RelWithDebInfo|Win32.ActiveCfg = RelWithDebInfo|Win32
		{0C5AAAC5-36E2-3982-8B30-8E7CF7F829F1}.RelWithDebInfo|Win32.Build.0 = RelWithDebInfo|Win32
		{B22E7A56-2294-34CC-93DD-55E9621567F9}.Debug|Win32.ActiveCfg = Debug|Win32
		{B22E7A56-2294-34CC-93DD-55E9621567F9}.Debug|Win32.Build.0 = Debug|Win32
		{B22E7A56-2294-34CC-93DD-55E9621567F9}.Release|Win32.ActiveCfg = Release|Win32
		{B22E7A56-2294-34CC-93DD-55E9621567F9}.Release|Win32.Build.0 = Release|Win32
		{B22E7A56-2294-34CC-93DD-55E9621567F9}.MinSizeRel|Win32.ActiveCfg = MinSizeRel|Win32
		{B22E7A56-2294-34CC-93DD-55E9621567F9}.MinSizeRel|Win32.Build.0 = MinSizeRel|Win32
		{B22E7A56-2294-34CC-93DD-55E9621567F9}.RelWithDebInfo|Win32.ActiveCfg = RelWithDebInfo|Win32
		{B22E7A56-2294-34CC-93DD-55E9621567F9}.RelWithDebInfo|Win32.Build.0 = RelWithDebInfo|Win32
		{7673B4D0-6D8C-395D-BC12-D08323A69013}.Debug|Win32.ActiveCfg = Debug|Win32
		{7673B4D0-6D8C-395D-BC12-D08323A69013}.Debug|Win32.Build.0 = Debug|Win32
		{7673B4D0-6D8C-395D-BC12-D08323A69013}.Release|Win32.ActiveCfg = Release|Win32
		{7673B4D0-6D8C-395D-BC12-D08323A69013}.Release|Win32.Build.0 = Release|Win32
		{7673B4D0-6D8C-395D-BC12-D08323A69013}.MinSizeRel|Win32.ActiveCfg = MinSizeRel|Win32
		{7673B4D0-6D8C-395D-BC12-D08323A69013}.MinSizeRel|Win32.Build.0 = MinSizeRel|Win32
		{7673B4D0-6D8C-395D-BC12-D08323A69013}.RelWithDebInfo|Win32.ActiveCfg = RelWithDebInfo|Win32
		{7673B4D0-6D8C-395D-BC12-D08323A69013}.RelWithDebInfo|Win32.Build.0 = RelWithDebInfo|Win32
		{516E3257-6BED-3B38-AC28-38716260222A}.Debug|Win32.ActiveCfg = Debug|Win32
		{516E3257-6BED-3B38-AC28-38716260222A}.Debug|Win32.Build.0 = Debug|Win32
		{516E3257-6BED-3B38-AC28-38716260222A}.Release|Win32.ActiveCfg = Release|Win32
		{516E3257-6BED-3B38-AC28-38716260222A}.Release|Win32.Build.0 = Release|Win32
		{516E3257-6BED-3B38-AC28-38716260222A}.MinSizeRel|Win32.ActiveCfg = MinSizeRel|Win32
		{516E3257-6BED-3B38-AC28-38716260222A}.MinSizeRel|Win32.Build.0 = MinSizeRel|Win32
		{516E3257-6BED-3B38-AC28-38716260222A}.RelWithDebInfo|Win32.ActiveCfg = RelWithDebInfo|Win32
		{516E3257-6BED-3B38-AC28-38716260222A}.RelWithDebInfo|Win32.Build.0 = RelWithDebInfo|Win32
		{4E690B10-B59B-33F7-827F-8F043BF60773}.Debug|Win32.ActiveCfg = Debug|Win32
		{4E690B10-B59B-33F7-827F-8F043BF60773}.Debug|Win32.Build.0 = Debug|Win32
		{4E690B10-B59B-33F7-827F-8F043BF60773}.Release|Win32.ActiveCfg = Release|Win32
		{4E690B10-B59B-33F7-827F-8F043BF60773}.Release|Win32.Build.0 = Release|Win32
		{4E690B10-B59B-33F7-827F-8F043BF60773}.MinSizeRel|Win32.ActiveCfg = MinSizeRel|Win32
		{4E690B10-B59B-33F7-827F-8F043BF60773}.MinSizeRel|Win32.Build.0 = MinSizeRel|Win32
		{4E690B10-B59B-33F7-827F-8F043BF60773}.RelWithDebInfo|Win32.ActiveCfg = RelWithDebInfo|Win32
		{4E690B10-B59B-33F7-827F-8F043BF60773}.RelWithDebInfo|Win32.Build.0 = RelWithDebInfo|Win32
		{8AE7A78B-C05B-3C4C-B74F-5AF5E6CFD398}.Debug|Win32.ActiveCfg = Debug|Win32
		{8AE7A78B-C05B-3C4C-B74F-5AF5E6CFD398}.Debug|Win32.Build.0 = Debug|Win32
		{8AE7A78B-C05B-3C4C-B74F-5AF5E6CFD398}.Release|Win32.ActiveCfg = Release|Win32
		{8AE7A78B-C05B-3C4C-B74F-5AF5E6CFD398}.Release|Win32.Build.0 = Release|Win32
		{8AE7A78B-C05B-3C4C-B74F-5AF5E6CFD398}.MinSizeRel|Win32.ActiveCfg = MinSizeRel|Win32
		{8AE7A78B-C05B-3C4C-B74F-5AF5E6CFD398}.MinSizeRel|Win32.Build.0 = MinSizeRel|Win32
		{8AE7A78B-C05B-3C4C-B74F-5AF5E6CFD398}.RelWithDebInfo|Win32.ActiveCfg = RelWithDebInfo|Win32
		{8AE7A78B-C05B-3C4C-B74F-5AF5E6CFD398}.RelWithDebInfo|Win32.Build.0 = RelWithDebInfo|Win32
		{5BB8C352-9853-3EC2-9A6D-833587308E29}.Debug|Win32.ActiveCfg = Debug|Win32
		{5BB8C352-9853-3EC2-9A6D-833587308E29}.Debug|Win32.Build.0 = Debug|Win32
		{5BB8C352-9853-3EC2-9A6D-833587308E29}.Release|Win32.ActiveCfg = Release|Win32
		{5BB8C352-9853-3EC2-9A6D-833587308E29}.Release|Win32.Build.0 = Release|Win32
		{5BB8C352-9853-3EC2-9A6D-833587308E29}.MinSizeRel|Win32.ActiveCfg = MinSizeRel|Win32
		{5BB8C352-9853-3EC2-9A6D-833587308E29}.MinSizeRel|Win32.Build.0 = MinSizeRel|Win32
		{5BB8C352-9853-3EC2-9A6D-833587308E29}.RelWithDebInfo|Win32.ActiveCfg = RelWithDebInfo|Win32
		{5BB8C352-9853-3EC2-9A6D-833587308E29}.RelWithDebInfo|Win32.Build.0 = RelWithDebInfo|Win32
		{D41D6DCF-3F5B-355B-85A6-32605E38920A}.Debug|Win32.ActiveCfg = Debug|Win32
		{D41D6DCF-3F5B-355B-85A6-32605E38920A}.Debug|Win32.Build.0 = Debug|Win32
		{D41D6DCF-3F5B-355B-85A6-32605E38920A}.Release|Win32.ActiveCfg = Release|Win32
		{D41D6DCF-3F5B-355B-85A6-32605E38920A}.Release|Win32.Build.0 = Release|Win32
		{D41D6DCF-3F5B-355B-85A6-32605E38920A}.MinSizeRel|Win32.ActiveCfg = MinSizeRel|Win32
		{D41D6DCF-3F5B-355B-85A6-32605E38920A}.MinSizeRel|Win32.Build.0 = MinSizeRel|Win32
		{D41D6DCF-3F5B-355B-85A6-32605E38920A}.RelWithDebInfo|Win32.ActiveCfg = RelWithDebInfo|Win32
		{D41D6DCF-3F5B-355B-85A6-32605E38920A}.RelWithDebInfo|Win32.Build.0 = RelWithDebInfo|Win32
		{CEFA1A08-7CA5-3B8F-9E26-8816FA550D34}.Debug|Win32.ActiveCfg = Debug|Win32
		{CEFA1A08-7CA5-3B8F-9E26-8816FA550D34}.Debug|Win32.Build.0 = Debug|Win32
		{CEFA1A08-7CA5-3B8F-9E26-8816FA550D34}.Release|Win32.ActiveCfg = Release|Win32
		{CEFA1A08-7CA5-3B8F-9E26-8816FA550D34}.Release|Win32.Build.0 = Release|Win32
		{CEFA1A08-7CA5-3B8F-9E26-8816FA550D34}.MinSizeRel|Win32.ActiveCfg = MinSizeRel|Win32
		{CEFA1A08-7CA5-3B8F-9E26-8816FA550D34}.MinSizeRel|Win32.Build.0 = MinSizeRel|Win32
		{CEFA1A08-7CA5-3B8F-9E26-8816FA550D34}.RelWithDebInfo|Win32.ActiveCfg = RelWithDebInfo|Win32
		{CEFA1A08-7CA5-3B8F-9E26-8816FA550D34}.RelWithDebInfo|Win32.Build.0 = RelWithDebInfo|Win32
		{579BC233-791F-3A35-B1F1-707CA0791E5E}.Debug|Win32.ActiveCfg = Debug|Win32
		{579BC233-791F-3A35-B1F1-707CA0791E5E}.Debug|Win32.Build.0 = Debug|Win32
		{579BC233-791F-3A35-B1F1-707CA0791E5E}.Release|Win32.ActiveCfg = Release|Win32
		{579BC233-791F-3A35-B1F1-707CA0791E5E}.Release|Win32.Build.0 = Release|Win32
		{579BC233-791F-3A35-B1F1-707CA0791E5E}.MinSizeRel|Win32.ActiveCfg = MinSizeRel|Win32
		{579BC233-791F-3A35-B1F1-707CA0791E5E}.MinSizeRel|Win32.Build.0 = MinSizeRel|Win32
		{579BC233-791F-3A35-B1F1-707CA0791E5E}.RelWithDebInfo|Win32.ActiveCfg = RelWithDebInfo|Win32
		{579BC233-791F-3A35-B1F1-707CA0791E5E}.RelWithDebInfo|Win32.Build.0 = RelWithDebInfo|Win32
		{092F8BFE-2635-34B6-AAD3-16433FFCB44C}.Debug|Win32.ActiveCfg = Debug|Win32
		{092F8BFE-2635-34B6-AAD3-16433FFCB44C}.Debug|Win32.Build.0 = Debug|Win32
		{092F8BFE-2635-34B6-AAD3-16433FFCB44C}.Release|Win32.ActiveCfg = Release|Win32
		{092F8BFE-2635-34B6-AAD3-16433FFCB44C}.Release|Win32.Build.0 = Release|Win32
		{092F8BFE-2635-34B6-AAD3-16433FFCB44C}.MinSizeRel|Win32.ActiveCfg = MinSizeRel|Win32
		{092F8BFE-2635-34B6-AAD3-16433FFCB44C}.MinSizeRel|Win32.Build.0 = MinSizeRel|Win32
		{092F8BFE-2635-34B6-AAD3-16433FFCB44C}.RelWithDebInfo|Win32.ActiveCfg = RelWithDebInfo|Win32
		{092F8BFE-2635-34B6-AAD3-16433FFCB44C}.RelWithDebInfo|Win32.Build.0 = RelWithDebInfo|Win32
		{FC97851C-A277-332E-83B0-2864CAF0ED67}.Debug|Win32.ActiveCfg = Debug|Win32
		{FC97851C-A277-332E-83B0-2864CAF0ED67}.Debug|Win32.Build.0 = Debug|Win32
		{FC97851C-A277-332E-83B0-2864CAF0ED67}.Release|Win32.ActiveCfg = Release|Win32
		{FC97851C-A277-332E-83B0-2864CAF0ED67}.Release|Win32.Build.0 = Release|Win32
		{FC97851C-A277-332E-83B0-2864CAF0ED67}.MinSizeRel|Win32.ActiveCfg = MinSizeRel|Win32
		{FC97851C-A277-332E-83B0-2864CAF0ED67}.MinSizeRel|Win32.Build.0 = MinSizeRel|Win32
		{FC97851C-A277-332E-83B0-2864CAF0ED67}.RelWithDebInfo|Win32.ActiveCfg = RelWithDebInfo|Win32
		{FC97851C-A277-332E-83B0-2864CAF0ED67}.RelWithDebInfo|Win32.Build.0 = RelWithDebInfo|Win32
	EndGlobalSection
	GlobalSection(NestedProjects) = preSolution
		{18528C31-05DE-3406-9C53-A9B01888D47B} = {95B29574-AA2A-3377-BD2F-9CAE436B6E54}
		{1B4FFDEA-E766-3F5D-B3CD-12AD07AFF533} = {95B29574-AA2A-3377-BD2F-9CAE436B6E54}
		{0C5AAAC5-36E2-3982-8B30-8E7CF7F829F1} = {EAFED12E-B445-360D-BACF-B5B2D98803DF}
		{B22E7A56-2294-34CC-93DD-55E9621567F9} = {EAFED12E-B445-360D-BACF-B5B2D98803DF}
		{7673B4D0-6D8C-395D-BC12-D08323A69013} = {EAFED12E-B445-360D-BACF-B5B2D98803DF}
		{516E3257-6BED-3B38-AC28-38716260222A} = {EAFED12E-B445-360D-BACF-B5B2D98803DF}
		{4E690B10-B59B-33F7-827F-8F043BF60773} = {EAFED12E-B445-360D-BACF-B5B2D98803DF}
		{8AE7A78B-C05B-3C4C-B74F-5AF5E6CFD398} = {EAFED12E-B445-360D-BACF-B5B2D98803DF}
		{5BB8C352-9853-3EC2-9A6D-833587308E29} = {EAFED12E-B445-360D-BACF-B5B2D98803DF}
		{D41D6DCF-3F5B-355B-85A6-32605E38920A} = {EAFED12E-B445-360D-BACF-B5B2D98803DF}
		{CEFA1A08-7CA5-3B8F-9E26-8816FA550D34} = {EAFED12E-B445-360D-BACF-B5B2D98803DF}
		{579BC233-791F-3A35-B1F1-707CA0791E5E} = {EAFED12E-B445-360D-BACF-B5B2D98803DF}
		{092F8BFE-2635-34B6-AAD3-16433FFCB44C} = {EAFED12E-B445-360D-BACF-B5B2D98803DF}
		{E062148F-79EB-3CF6-83D7-0FAF24825822} = {1316EBDB-8491-3CD2-814C-6C5A87763015}
		{F250682E-1F73-335B-9735-4E87B8E293B8} = {6EF80EC2-CB16-39F8-A500-61113CDB665E}
	EndGlobalSection
	GlobalSection(ExtensibilityGlobals) = postSolution
		SolutionGuid = {54A87D40-5490-30B1-B200-F404D8081F1C}
	EndGlobalSection
	GlobalSection(ExtensibilityAddIns) = postSolution
	EndGlobalSection
EndGlobal
