
Microsoft Visual Studio Solution File, Format Version 12.00
# Visual Studio Version 17
VisualStudioVersion = 17.0.31903.59
MinimumVisualStudioVersion = 10.0.40219.1
Project("{2150E333-8FDC-42A3-9474-1A3956D46DE8}") = "ch01", "ch01", "{5EFFB161-C50E-46EB-BB58-662F10C00863}"
EndProject
Project("{8BC9CEB8-8B4A-11D0-8D11-00A0C91BC942}") = "stl_sort_int", "ch01\stl_sort_int\stl_sort_int.vcxproj", "{EDE1EC78-A59C-4DE8-A9A0-4751E7EE7630}"
EndProject
Project("{8BC9CEB8-8B4A-11D0-8D11-00A0C91BC942}") = "stl_sort_car", "ch01\stl_sort_car\stl_sort_car.vcxproj", "{AF941797-5245-430E-90B4-B953BE59F4C4}"
EndProject
Project("{8BC9CEB8-8B4A-11D0-8D11-00A0C91BC942}") = "strategy_pattern", "ch01\strategy_pattern\strategy_pattern.vcxproj", "{6013412F-978F-444A-885A-BDA8CB00015F}"
EndProject
Project("{2150E333-8FDC-42A3-9474-1A3956D46DE8}") = "cpp11_new_features", "cpp11_new_features", "{495F4407-291C-4A1F-8396-7280D9629F04}"
EndProject
Project("{8BC9CEB8-8B4A-11D0-8D11-00A0C91BC942}") = "range_based_for", "ch01\cpp11_new_feature\range_based_for\range_based_for.vcxproj", "{CCE12A99-27A9-444B-A36A-BFE8A7FAA4FF}"
EndProject
Project("{8BC9CEB8-8B4A-11D0-8D11-00A0C91BC942}") = "lambda_expressions", "ch01\cpp11_new_feature\lambda_expressions\lambda_expressions.vcxproj", "{605A30A0-93A1-4F3D-A627-EBA583DBBF62}"
EndProject
Project("{8BC9CEB8-8B4A-11D0-8D11-00A0C91BC942}") = "modules", "ch01\cpp11_new_feature\modules\modules.vcxproj", "{7740EB4B-4561-4966-8758-ACF3F1AAD51E}"
EndProject
Project("{2150E333-8FDC-42A3-9474-1A3956D46DE8}") = "ch03", "ch03", "{6CFFFCFE-E0AB-4781-8837-B8C341940E7B}"
EndProject
Project("{8BC9CEB8-8B4A-11D0-8D11-00A0C91BC942}") = "adative_cruise_controller_modeling", "ch03\adative_cruise_controller_modeling\adative_cruise_controller_modeling.vcxproj", "{B8035E58-A471-409E-A9B1-B01DD4E4ED0E}"
EndProject
Project("{8BC9CEB8-8B4A-11D0-8D11-00A0C91BC942}") = "monster_class", "ch03\monster_class\monster_class.vcxproj", "{5031EFAB-A9F4-4E23-98AA-01EEF5614541}"
EndProject
Project("{8BC9CEB8-8B4A-11D0-8D11-00A0C91BC942}") = "monster_class_with_virtual_function", "ch03\monster_class_with_virtual_function\monster_class_with_virtual_function.vcxproj", "{B0F08C3F-AFE7-4A15-9403-F54964103D93}"
EndProject
Project("{8BC9CEB8-8B4A-11D0-8D11-00A0C91BC942}") = "backward_compatibility", "ch03\backward_compatibility\backward_compatibility.vcxproj", "{B2A1DCB9-CA10-42FB-BB8B-F8C78816878B}"
EndProject
Project("{8BC9CEB8-8B4A-11D0-8D11-00A0C91BC942}") = "this_pointer_sample_bank", "ch03\this_pointer_sample_bank\this_pointer_sample_bank.vcxproj", "{8CDA135C-B0AB-45FC-B519-BF5A34295CF0}"
EndProject
Project("{8BC9CEB8-8B4A-11D0-8D11-00A0C91BC942}") = "monster_class_with_constructor_destructor", "ch03\monster_class_with_constructor_destructor\monster_class_with_constructor_destructor.vcxproj", "{D87D35B0-E0B2-496A-B605-64787EE182F8}"
EndProject
Project("{8BC9CEB8-8B4A-11D0-8D11-00A0C91BC942}") = "monster_class_with_copy_constructor", "ch03\monster_class_with_copy_constructor\monster_class_with_copy_constructor.vcxproj", "{70C12896-8250-408D-ADD1-1CC280D09C68}"
EndProject
Project("{2150E333-8FDC-42A3-9474-1A3956D46DE8}") = "ch04", "ch04", "{B802DB75-06A1-4B5C-9588-00B6CDDD5E0A}"
EndProject
Project("{8BC9CEB8-8B4A-11D0-8D11-00A0C91BC942}") = "member_variable_access", "ch04\member_variable_access\member_variable_access.vcxproj", "{0BFD15B7-8798-4C04-84FC-FACA9A052F2D}"
EndProject
Project("{8BC9CEB8-8B4A-11D0-8D11-00A0C91BC942}") = "operator_overload_monster_classes", "ch04\operator_overload_monster_classes\operator_overload_monster_classes.vcxproj", "{307551E5-760D-4252-B416-37A7930FDA6A}"
EndProject
Project("{8BC9CEB8-8B4A-11D0-8D11-00A0C91BC942}") = "function_dynamic_binding", "ch04\function_dynamic_binding\function_dynamic_binding.vcxproj", "{F26E11DA-FC78-45BE-8A49-F87B5B96E2D1}"
EndProject
Project("{8BC9CEB8-8B4A-11D0-8D11-00A0C91BC942}") = "pure_virtual_function", "ch04\pure_virtual_function\pure_virtual_function.vcxproj", "{31CAC970-98B9-4679-B2DE-7B31ED970446}"
EndProject
Project("{8BC9CEB8-8B4A-11D0-8D11-00A0C91BC942}") = "manage_data_structure_with_encapsulation", "ch04\manage_data_structure_with_encapsulation\manage_data_structure_with_encapsulation.vcxproj", "{436943BA-7170-4FED-97E8-DE4142ABB460}"
EndProject
Project("{8BC9CEB8-8B4A-11D0-8D11-00A0C91BC942}") = "virtual_destructor", "ch04\virtual_destructor\virtual_destructor.vcxproj", "{E9AB00CF-7136-4AAA-B9A9-59A12ED64376}"
EndProject
Project("{8BC9CEB8-8B4A-11D0-8D11-00A0C91BC942}") = "monster_find_route", "ch04\monster_find_route\monster_find_route.vcxproj", "{6D21F32F-89EE-4F76-8530-4AB65D57978E}"
EndProject
Project("{8BC9CEB8-8B4A-11D0-8D11-00A0C91BC942}") = "monster_find_route_with_interface", "ch04\monster_find_route_with_interface\monster_find_route_with_interface.vcxproj", "{B5A1B8D9-1666-49DE-9201-123BDE6D95F4}"
EndProject
Project("{8BC9CEB8-8B4A-11D0-8D11-00A0C91BC942}") = "linear_algebra_static_class_members", "ch04\linear_algebra_static_class_members\linear_algebra_static_class_members.vcxproj", "{88F16EA5-158B-4762-9ED3-1B36DAC52B3D}"
EndProject
Project("{8BC9CEB8-8B4A-11D0-8D11-00A0C91BC942}") = "monster_factory_static_class_members", "ch04\monster_factory_static_class_members\monster_factory_static_class_members.vcxproj", "{7CEAF92A-2221-40DA-9F4F-16758EDA52A9}"
EndProject
Project("{2150E333-8FDC-42A3-9474-1A3956D46DE8}") = "ch02", "ch02", "{4EB77F45-E2D6-4CBC-9795-4AADD327A058}"
EndProject
Project("{8BC9CEB8-8B4A-11D0-8D11-00A0C91BC942}") = "input_output", "ch02\input_output\input_output.vcxproj", "{BFC6A809-8D55-4886-8495-D4344D1E834A}"
EndProject
Project("{8BC9CEB8-8B4A-11D0-8D11-00A0C91BC942}") = "namespace", "ch02\namespace\namespace.vcxproj", "{94645179-A6A5-4BA1-95E9-38E3519426AC}"
EndProject
Project("{8BC9CEB8-8B4A-11D0-8D11-00A0C91BC942}") = "bool", "ch02\bool\bool.vcxproj", "{9F452942-0190-4835-88B1-3A838B37C3B0}"
EndProject
Project("{8BC9CEB8-8B4A-11D0-8D11-00A0C91BC942}") = "print_ASCII", "ch02\print_ASCII\print_ASCII.vcxproj", "{D87AE299-8957-4793-AF99-C9782996866A}"
EndProject
Project("{8BC9CEB8-8B4A-11D0-8D11-00A0C91BC942}") = "UNICODE", "ch02\UNICODE\UNICODE.vcxproj", "{C0F0F828-D408-40E7-982D-8C32E53F5A81}"
EndProject
Project("{8BC9CEB8-8B4A-11D0-8D11-00A0C91BC942}") = "sizeof_data_types", "ch02\sizeof_data_types\sizeof_data_types.vcxproj", "{15DF1E6E-E9B2-4772-9D33-DBD9176B5B7D}"
EndProject
Project("{8BC9CEB8-8B4A-11D0-8D11-00A0C91BC942}") = "print_floating_point", "ch02\print_floating_point\print_floating_point.vcxproj", "{F8C0F72E-249E-493F-8722-20708F58D2D8}"
EndProject
Project("{8BC9CEB8-8B4A-11D0-8D11-00A0C91BC942}") = "precision_of_floating_point", "ch02\precision_of_floating_point\precision_of_floating_point.vcxproj", "{632ED83B-D7EB-47F6-9968-97837FAC1640}"
EndProject
Project("{8BC9CEB8-8B4A-11D0-8D11-00A0C91BC942}") = "local_variable", "ch02\local_variable\local_variable.vcxproj", "{8278575C-250A-4AA3-ACD3-9CF1A8D97D1E}"
EndProject
Project("{8BC9CEB8-8B4A-11D0-8D11-00A0C91BC942}") = "template_method_monster", "ch04\template_method_monster\template_method_monster.vcxproj", "{673EF3DD-2FC7-44C6-A1F5-17D8807F0C90}"
EndProject
Project("{8BC9CEB8-8B4A-11D0-8D11-00A0C91BC942}") = "Liskov_substitution_principle_terrain", "ch04\Liskov_substitution_principle_terrain\Liskov_substitution_principle_terrain.vcxproj", "{6855B4B6-6E4B-4022-BB44-F03B4D6B43C7}"
EndProject
Project("{8BC9CEB8-8B4A-11D0-8D11-00A0C91BC942}") = "global_and_local_variables", "ch02\global_and_local_variables\global_and_local_variables.vcxproj", "{0E266AB3-FC25-4179-A7A7-0F68FE0BE40E}"
EndProject
Project("{8BC9CEB8-8B4A-11D0-8D11-00A0C91BC942}") = "implicit_cast", "ch02\implicit_cast\implicit_cast.vcxproj", "{A7415981-5A3E-4A9B-8553-62788956DCA1}"
EndProject
Project("{8BC9CEB8-8B4A-11D0-8D11-00A0C91BC942}") = "explicit_cast", "ch02\explicit_cast\explicit_cast.vcxproj", "{D8B41635-A29B-4AD6-8B69-2A0F369AEA34}"
EndProject
Project("{8BC9CEB8-8B4A-11D0-8D11-00A0C91BC942}") = "std_string", "ch02\std_string\std_string.vcxproj", "{E6ED0C7F-4148-4721-B243-3D6E8C2BF8E9}"
EndProject
Project("{8BC9CEB8-8B4A-11D0-8D11-00A0C91BC942}") = "user_defined_literals", "ch02\user_defined_literals\user_defined_literals.vcxproj", "{1B789BCE-FCC1-4C86-BEDE-D15539114646}"
EndProject
Project("{8BC9CEB8-8B4A-11D0-8D11-00A0C91BC942}") = "pre_and_post_increment", "ch02\pre_and_post_increment\pre_and_post_increment.vcxproj", "{2312A88B-5360-4395-8072-346D995A03F5}"
EndProject
Global
	GlobalSection(SolutionConfigurationPlatforms) = preSolution
		Debug|x64 = Debug|x64
		Debug|x86 = Debug|x86
		Release|x64 = Release|x64
		Release|x86 = Release|x86
	EndGlobalSection
	GlobalSection(ProjectConfigurationPlatforms) = postSolution
		{EDE1EC78-A59C-4DE8-A9A0-4751E7EE7630}.Debug|x64.ActiveCfg = Debug|x64
		{EDE1EC78-A59C-4DE8-A9A0-4751E7EE7630}.Debug|x64.Build.0 = Debug|x64
		{EDE1EC78-A59C-4DE8-A9A0-4751E7EE7630}.Debug|x86.ActiveCfg = Debug|Win32
		{EDE1EC78-A59C-4DE8-A9A0-4751E7EE7630}.Debug|x86.Build.0 = Debug|Win32
		{EDE1EC78-A59C-4DE8-A9A0-4751E7EE7630}.Release|x64.ActiveCfg = Release|x64
		{EDE1EC78-A59C-4DE8-A9A0-4751E7EE7630}.Release|x64.Build.0 = Release|x64
		{EDE1EC78-A59C-4DE8-A9A0-4751E7EE7630}.Release|x86.ActiveCfg = Release|Win32
		{EDE1EC78-A59C-4DE8-A9A0-4751E7EE7630}.Release|x86.Build.0 = Release|Win32
		{AF941797-5245-430E-90B4-B953BE59F4C4}.Debug|x64.ActiveCfg = Debug|x64
		{AF941797-5245-430E-90B4-B953BE59F4C4}.Debug|x64.Build.0 = Debug|x64
		{AF941797-5245-430E-90B4-B953BE59F4C4}.Debug|x86.ActiveCfg = Debug|Win32
		{AF941797-5245-430E-90B4-B953BE59F4C4}.Debug|x86.Build.0 = Debug|Win32
		{AF941797-5245-430E-90B4-B953BE59F4C4}.Release|x64.ActiveCfg = Release|x64
		{AF941797-5245-430E-90B4-B953BE59F4C4}.Release|x64.Build.0 = Release|x64
		{AF941797-5245-430E-90B4-B953BE59F4C4}.Release|x86.ActiveCfg = Release|Win32
		{AF941797-5245-430E-90B4-B953BE59F4C4}.Release|x86.Build.0 = Release|Win32
		{6013412F-978F-444A-885A-BDA8CB00015F}.Debug|x64.ActiveCfg = Debug|x64
		{6013412F-978F-444A-885A-BDA8CB00015F}.Debug|x64.Build.0 = Debug|x64
		{6013412F-978F-444A-885A-BDA8CB00015F}.Debug|x86.ActiveCfg = Debug|Win32
		{6013412F-978F-444A-885A-BDA8CB00015F}.Debug|x86.Build.0 = Debug|Win32
		{6013412F-978F-444A-885A-BDA8CB00015F}.Release|x64.ActiveCfg = Release|x64
		{6013412F-978F-444A-885A-BDA8CB00015F}.Release|x64.Build.0 = Release|x64
		{6013412F-978F-444A-885A-BDA8CB00015F}.Release|x86.ActiveCfg = Release|Win32
		{6013412F-978F-444A-885A-BDA8CB00015F}.Release|x86.Build.0 = Release|Win32
		{CCE12A99-27A9-444B-A36A-BFE8A7FAA4FF}.Debug|x64.ActiveCfg = Debug|x64
		{CCE12A99-27A9-444B-A36A-BFE8A7FAA4FF}.Debug|x64.Build.0 = Debug|x64
		{CCE12A99-27A9-444B-A36A-BFE8A7FAA4FF}.Debug|x86.ActiveCfg = Debug|Win32
		{CCE12A99-27A9-444B-A36A-BFE8A7FAA4FF}.Debug|x86.Build.0 = Debug|Win32
		{CCE12A99-27A9-444B-A36A-BFE8A7FAA4FF}.Release|x64.ActiveCfg = Release|x64
		{CCE12A99-27A9-444B-A36A-BFE8A7FAA4FF}.Release|x64.Build.0 = Release|x64
		{CCE12A99-27A9-444B-A36A-BFE8A7FAA4FF}.Release|x86.ActiveCfg = Release|Win32
		{CCE12A99-27A9-444B-A36A-BFE8A7FAA4FF}.Release|x86.Build.0 = Release|Win32
		{605A30A0-93A1-4F3D-A627-EBA583DBBF62}.Debug|x64.ActiveCfg = Debug|x64
		{605A30A0-93A1-4F3D-A627-EBA583DBBF62}.Debug|x64.Build.0 = Debug|x64
		{605A30A0-93A1-4F3D-A627-EBA583DBBF62}.Debug|x86.ActiveCfg = Debug|Win32
		{605A30A0-93A1-4F3D-A627-EBA583DBBF62}.Debug|x86.Build.0 = Debug|Win32
		{605A30A0-93A1-4F3D-A627-EBA583DBBF62}.Release|x64.ActiveCfg = Release|x64
		{605A30A0-93A1-4F3D-A627-EBA583DBBF62}.Release|x64.Build.0 = Release|x64
		{605A30A0-93A1-4F3D-A627-EBA583DBBF62}.Release|x86.ActiveCfg = Release|Win32
		{605A30A0-93A1-4F3D-A627-EBA583DBBF62}.Release|x86.Build.0 = Release|Win32
		{7740EB4B-4561-4966-8758-ACF3F1AAD51E}.Debug|x64.ActiveCfg = Debug|x64
		{7740EB4B-4561-4966-8758-ACF3F1AAD51E}.Debug|x64.Build.0 = Debug|x64
		{7740EB4B-4561-4966-8758-ACF3F1AAD51E}.Debug|x86.ActiveCfg = Debug|Win32
		{7740EB4B-4561-4966-8758-ACF3F1AAD51E}.Debug|x86.Build.0 = Debug|Win32
		{7740EB4B-4561-4966-8758-ACF3F1AAD51E}.Release|x64.ActiveCfg = Release|x64
		{7740EB4B-4561-4966-8758-ACF3F1AAD51E}.Release|x64.Build.0 = Release|x64
		{7740EB4B-4561-4966-8758-ACF3F1AAD51E}.Release|x86.ActiveCfg = Release|Win32
		{7740EB4B-4561-4966-8758-ACF3F1AAD51E}.Release|x86.Build.0 = Release|Win32
		{B8035E58-A471-409E-A9B1-B01DD4E4ED0E}.Debug|x64.ActiveCfg = Debug|x64
		{B8035E58-A471-409E-A9B1-B01DD4E4ED0E}.Debug|x64.Build.0 = Debug|x64
		{B8035E58-A471-409E-A9B1-B01DD4E4ED0E}.Debug|x86.ActiveCfg = Debug|Win32
		{B8035E58-A471-409E-A9B1-B01DD4E4ED0E}.Debug|x86.Build.0 = Debug|Win32
		{B8035E58-A471-409E-A9B1-B01DD4E4ED0E}.Release|x64.ActiveCfg = Release|x64
		{B8035E58-A471-409E-A9B1-B01DD4E4ED0E}.Release|x64.Build.0 = Release|x64
		{B8035E58-A471-409E-A9B1-B01DD4E4ED0E}.Release|x86.ActiveCfg = Release|Win32
		{B8035E58-A471-409E-A9B1-B01DD4E4ED0E}.Release|x86.Build.0 = Release|Win32
		{5031EFAB-A9F4-4E23-98AA-01EEF5614541}.Debug|x64.ActiveCfg = Debug|x64
		{5031EFAB-A9F4-4E23-98AA-01EEF5614541}.Debug|x64.Build.0 = Debug|x64
		{5031EFAB-A9F4-4E23-98AA-01EEF5614541}.Debug|x86.ActiveCfg = Debug|Win32
		{5031EFAB-A9F4-4E23-98AA-01EEF5614541}.Debug|x86.Build.0 = Debug|Win32
		{5031EFAB-A9F4-4E23-98AA-01EEF5614541}.Release|x64.ActiveCfg = Release|x64
		{5031EFAB-A9F4-4E23-98AA-01EEF5614541}.Release|x64.Build.0 = Release|x64
		{5031EFAB-A9F4-4E23-98AA-01EEF5614541}.Release|x86.ActiveCfg = Release|Win32
		{5031EFAB-A9F4-4E23-98AA-01EEF5614541}.Release|x86.Build.0 = Release|Win32
		{B0F08C3F-AFE7-4A15-9403-F54964103D93}.Debug|x64.ActiveCfg = Debug|x64
		{B0F08C3F-AFE7-4A15-9403-F54964103D93}.Debug|x64.Build.0 = Debug|x64
		{B0F08C3F-AFE7-4A15-9403-F54964103D93}.Debug|x86.ActiveCfg = Debug|Win32
		{B0F08C3F-AFE7-4A15-9403-F54964103D93}.Debug|x86.Build.0 = Debug|Win32
		{B0F08C3F-AFE7-4A15-9403-F54964103D93}.Release|x64.ActiveCfg = Release|x64
		{B0F08C3F-AFE7-4A15-9403-F54964103D93}.Release|x64.Build.0 = Release|x64
		{B0F08C3F-AFE7-4A15-9403-F54964103D93}.Release|x86.ActiveCfg = Release|Win32
		{B0F08C3F-AFE7-4A15-9403-F54964103D93}.Release|x86.Build.0 = Release|Win32
		{B2A1DCB9-CA10-42FB-BB8B-F8C78816878B}.Debug|x64.ActiveCfg = Debug|x64
		{B2A1DCB9-CA10-42FB-BB8B-F8C78816878B}.Debug|x64.Build.0 = Debug|x64
		{B2A1DCB9-CA10-42FB-BB8B-F8C78816878B}.Debug|x86.ActiveCfg = Debug|Win32
		{B2A1DCB9-CA10-42FB-BB8B-F8C78816878B}.Debug|x86.Build.0 = Debug|Win32
		{B2A1DCB9-CA10-42FB-BB8B-F8C78816878B}.Release|x64.ActiveCfg = Release|x64
		{B2A1DCB9-CA10-42FB-BB8B-F8C78816878B}.Release|x64.Build.0 = Release|x64
		{B2A1DCB9-CA10-42FB-BB8B-F8C78816878B}.Release|x86.ActiveCfg = Release|Win32
		{B2A1DCB9-CA10-42FB-BB8B-F8C78816878B}.Release|x86.Build.0 = Release|Win32
		{8CDA135C-B0AB-45FC-B519-BF5A34295CF0}.Debug|x64.ActiveCfg = Debug|x64
		{8CDA135C-B0AB-45FC-B519-BF5A34295CF0}.Debug|x64.Build.0 = Debug|x64
		{8CDA135C-B0AB-45FC-B519-BF5A34295CF0}.Debug|x86.ActiveCfg = Debug|Win32
		{8CDA135C-B0AB-45FC-B519-BF5A34295CF0}.Debug|x86.Build.0 = Debug|Win32
		{8CDA135C-B0AB-45FC-B519-BF5A34295CF0}.Release|x64.ActiveCfg = Release|x64
		{8CDA135C-B0AB-45FC-B519-BF5A34295CF0}.Release|x64.Build.0 = Release|x64
		{8CDA135C-B0AB-45FC-B519-BF5A34295CF0}.Release|x86.ActiveCfg = Release|Win32
		{8CDA135C-B0AB-45FC-B519-BF5A34295CF0}.Release|x86.Build.0 = Release|Win32
		{D87D35B0-E0B2-496A-B605-64787EE182F8}.Debug|x64.ActiveCfg = Debug|x64
		{D87D35B0-E0B2-496A-B605-64787EE182F8}.Debug|x64.Build.0 = Debug|x64
		{D87D35B0-E0B2-496A-B605-64787EE182F8}.Debug|x86.ActiveCfg = Debug|Win32
		{D87D35B0-E0B2-496A-B605-64787EE182F8}.Debug|x86.Build.0 = Debug|Win32
		{D87D35B0-E0B2-496A-B605-64787EE182F8}.Release|x64.ActiveCfg = Release|x64
		{D87D35B0-E0B2-496A-B605-64787EE182F8}.Release|x64.Build.0 = Release|x64
		{D87D35B0-E0B2-496A-B605-64787EE182F8}.Release|x86.ActiveCfg = Release|Win32
		{D87D35B0-E0B2-496A-B605-64787EE182F8}.Release|x86.Build.0 = Release|Win32
		{70C12896-8250-408D-ADD1-1CC280D09C68}.Debug|x64.ActiveCfg = Debug|x64
		{70C12896-8250-408D-ADD1-1CC280D09C68}.Debug|x64.Build.0 = Debug|x64
		{70C12896-8250-408D-ADD1-1CC280D09C68}.Debug|x86.ActiveCfg = Debug|Win32
		{70C12896-8250-408D-ADD1-1CC280D09C68}.Debug|x86.Build.0 = Debug|Win32
		{70C12896-8250-408D-ADD1-1CC280D09C68}.Release|x64.ActiveCfg = Release|x64
		{70C12896-8250-408D-ADD1-1CC280D09C68}.Release|x64.Build.0 = Release|x64
		{70C12896-8250-408D-ADD1-1CC280D09C68}.Release|x86.ActiveCfg = Release|Win32
		{70C12896-8250-408D-ADD1-1CC280D09C68}.Release|x86.Build.0 = Release|Win32
		{0BFD15B7-8798-4C04-84FC-FACA9A052F2D}.Debug|x64.ActiveCfg = Debug|x64
		{0BFD15B7-8798-4C04-84FC-FACA9A052F2D}.Debug|x64.Build.0 = Debug|x64
		{0BFD15B7-8798-4C04-84FC-FACA9A052F2D}.Debug|x86.ActiveCfg = Debug|Win32
		{0BFD15B7-8798-4C04-84FC-FACA9A052F2D}.Debug|x86.Build.0 = Debug|Win32
		{0BFD15B7-8798-4C04-84FC-FACA9A052F2D}.Release|x64.ActiveCfg = Release|x64
		{0BFD15B7-8798-4C04-84FC-FACA9A052F2D}.Release|x64.Build.0 = Release|x64
		{0BFD15B7-8798-4C04-84FC-FACA9A052F2D}.Release|x86.ActiveCfg = Release|Win32
		{0BFD15B7-8798-4C04-84FC-FACA9A052F2D}.Release|x86.Build.0 = Release|Win32
		{307551E5-760D-4252-B416-37A7930FDA6A}.Debug|x64.ActiveCfg = Debug|x64
		{307551E5-760D-4252-B416-37A7930FDA6A}.Debug|x64.Build.0 = Debug|x64
		{307551E5-760D-4252-B416-37A7930FDA6A}.Debug|x86.ActiveCfg = Debug|Win32
		{307551E5-760D-4252-B416-37A7930FDA6A}.Debug|x86.Build.0 = Debug|Win32
		{307551E5-760D-4252-B416-37A7930FDA6A}.Release|x64.ActiveCfg = Release|x64
		{307551E5-760D-4252-B416-37A7930FDA6A}.Release|x64.Build.0 = Release|x64
		{307551E5-760D-4252-B416-37A7930FDA6A}.Release|x86.ActiveCfg = Release|Win32
		{307551E5-760D-4252-B416-37A7930FDA6A}.Release|x86.Build.0 = Release|Win32
		{F26E11DA-FC78-45BE-8A49-F87B5B96E2D1}.Debug|x64.ActiveCfg = Debug|x64
		{F26E11DA-FC78-45BE-8A49-F87B5B96E2D1}.Debug|x64.Build.0 = Debug|x64
		{F26E11DA-FC78-45BE-8A49-F87B5B96E2D1}.Debug|x86.ActiveCfg = Debug|Win32
		{F26E11DA-FC78-45BE-8A49-F87B5B96E2D1}.Debug|x86.Build.0 = Debug|Win32
		{F26E11DA-FC78-45BE-8A49-F87B5B96E2D1}.Release|x64.ActiveCfg = Release|x64
		{F26E11DA-FC78-45BE-8A49-F87B5B96E2D1}.Release|x64.Build.0 = Release|x64
		{F26E11DA-FC78-45BE-8A49-F87B5B96E2D1}.Release|x86.ActiveCfg = Release|Win32
		{F26E11DA-FC78-45BE-8A49-F87B5B96E2D1}.Release|x86.Build.0 = Release|Win32
		{31CAC970-98B9-4679-B2DE-7B31ED970446}.Debug|x64.ActiveCfg = Debug|x64
		{31CAC970-98B9-4679-B2DE-7B31ED970446}.Debug|x64.Build.0 = Debug|x64
		{31CAC970-98B9-4679-B2DE-7B31ED970446}.Debug|x86.ActiveCfg = Debug|Win32
		{31CAC970-98B9-4679-B2DE-7B31ED970446}.Debug|x86.Build.0 = Debug|Win32
		{31CAC970-98B9-4679-B2DE-7B31ED970446}.Release|x64.ActiveCfg = Release|x64
		{31CAC970-98B9-4679-B2DE-7B31ED970446}.Release|x64.Build.0 = Release|x64
		{31CAC970-98B9-4679-B2DE-7B31ED970446}.Release|x86.ActiveCfg = Release|Win32
		{31CAC970-98B9-4679-B2DE-7B31ED970446}.Release|x86.Build.0 = Release|Win32
		{436943BA-7170-4FED-97E8-DE4142ABB460}.Debug|x64.ActiveCfg = Debug|x64
		{436943BA-7170-4FED-97E8-DE4142ABB460}.Debug|x64.Build.0 = Debug|x64
		{436943BA-7170-4FED-97E8-DE4142ABB460}.Debug|x86.ActiveCfg = Debug|Win32
		{436943BA-7170-4FED-97E8-DE4142ABB460}.Debug|x86.Build.0 = Debug|Win32
		{436943BA-7170-4FED-97E8-DE4142ABB460}.Release|x64.ActiveCfg = Release|x64
		{436943BA-7170-4FED-97E8-DE4142ABB460}.Release|x64.Build.0 = Release|x64
		{436943BA-7170-4FED-97E8-DE4142ABB460}.Release|x86.ActiveCfg = Release|Win32
		{436943BA-7170-4FED-97E8-DE4142ABB460}.Release|x86.Build.0 = Release|Win32
		{E9AB00CF-7136-4AAA-B9A9-59A12ED64376}.Debug|x64.ActiveCfg = Debug|x64
		{E9AB00CF-7136-4AAA-B9A9-59A12ED64376}.Debug|x64.Build.0 = Debug|x64
		{E9AB00CF-7136-4AAA-B9A9-59A12ED64376}.Debug|x86.ActiveCfg = Debug|Win32
		{E9AB00CF-7136-4AAA-B9A9-59A12ED64376}.Debug|x86.Build.0 = Debug|Win32
		{E9AB00CF-7136-4AAA-B9A9-59A12ED64376}.Release|x64.ActiveCfg = Release|x64
		{E9AB00CF-7136-4AAA-B9A9-59A12ED64376}.Release|x64.Build.0 = Release|x64
		{E9AB00CF-7136-4AAA-B9A9-59A12ED64376}.Release|x86.ActiveCfg = Release|Win32
		{E9AB00CF-7136-4AAA-B9A9-59A12ED64376}.Release|x86.Build.0 = Release|Win32
		{6D21F32F-89EE-4F76-8530-4AB65D57978E}.Debug|x64.ActiveCfg = Debug|x64
		{6D21F32F-89EE-4F76-8530-4AB65D57978E}.Debug|x64.Build.0 = Debug|x64
		{6D21F32F-89EE-4F76-8530-4AB65D57978E}.Debug|x86.ActiveCfg = Debug|Win32
		{6D21F32F-89EE-4F76-8530-4AB65D57978E}.Debug|x86.Build.0 = Debug|Win32
		{6D21F32F-89EE-4F76-8530-4AB65D57978E}.Release|x64.ActiveCfg = Release|x64
		{6D21F32F-89EE-4F76-8530-4AB65D57978E}.Release|x64.Build.0 = Release|x64
		{6D21F32F-89EE-4F76-8530-4AB65D57978E}.Release|x86.ActiveCfg = Release|Win32
		{6D21F32F-89EE-4F76-8530-4AB65D57978E}.Release|x86.Build.0 = Release|Win32
		{B5A1B8D9-1666-49DE-9201-123BDE6D95F4}.Debug|x64.ActiveCfg = Debug|x64
		{B5A1B8D9-1666-49DE-9201-123BDE6D95F4}.Debug|x64.Build.0 = Debug|x64
		{B5A1B8D9-1666-49DE-9201-123BDE6D95F4}.Debug|x86.ActiveCfg = Debug|Win32
		{B5A1B8D9-1666-49DE-9201-123BDE6D95F4}.Debug|x86.Build.0 = Debug|Win32
		{B5A1B8D9-1666-49DE-9201-123BDE6D95F4}.Release|x64.ActiveCfg = Release|x64
		{B5A1B8D9-1666-49DE-9201-123BDE6D95F4}.Release|x64.Build.0 = Release|x64
		{B5A1B8D9-1666-49DE-9201-123BDE6D95F4}.Release|x86.ActiveCfg = Release|Win32
		{B5A1B8D9-1666-49DE-9201-123BDE6D95F4}.Release|x86.Build.0 = Release|Win32
		{88F16EA5-158B-4762-9ED3-1B36DAC52B3D}.Debug|x64.ActiveCfg = Debug|x64
		{88F16EA5-158B-4762-9ED3-1B36DAC52B3D}.Debug|x64.Build.0 = Debug|x64
		{88F16EA5-158B-4762-9ED3-1B36DAC52B3D}.Debug|x86.ActiveCfg = Debug|Win32
		{88F16EA5-158B-4762-9ED3-1B36DAC52B3D}.Debug|x86.Build.0 = Debug|Win32
		{88F16EA5-158B-4762-9ED3-1B36DAC52B3D}.Release|x64.ActiveCfg = Release|x64
		{88F16EA5-158B-4762-9ED3-1B36DAC52B3D}.Release|x64.Build.0 = Release|x64
		{88F16EA5-158B-4762-9ED3-1B36DAC52B3D}.Release|x86.ActiveCfg = Release|Win32
		{88F16EA5-158B-4762-9ED3-1B36DAC52B3D}.Release|x86.Build.0 = Release|Win32
		{7CEAF92A-2221-40DA-9F4F-16758EDA52A9}.Debug|x64.ActiveCfg = Debug|x64
		{7CEAF92A-2221-40DA-9F4F-16758EDA52A9}.Debug|x64.Build.0 = Debug|x64
		{7CEAF92A-2221-40DA-9F4F-16758EDA52A9}.Debug|x86.ActiveCfg = Debug|Win32
		{7CEAF92A-2221-40DA-9F4F-16758EDA52A9}.Debug|x86.Build.0 = Debug|Win32
		{7CEAF92A-2221-40DA-9F4F-16758EDA52A9}.Release|x64.ActiveCfg = Release|x64
		{7CEAF92A-2221-40DA-9F4F-16758EDA52A9}.Release|x64.Build.0 = Release|x64
		{7CEAF92A-2221-40DA-9F4F-16758EDA52A9}.Release|x86.ActiveCfg = Release|Win32
		{7CEAF92A-2221-40DA-9F4F-16758EDA52A9}.Release|x86.Build.0 = Release|Win32
		{BFC6A809-8D55-4886-8495-D4344D1E834A}.Debug|x64.ActiveCfg = Debug|x64
		{BFC6A809-8D55-4886-8495-D4344D1E834A}.Debug|x64.Build.0 = Debug|x64
		{BFC6A809-8D55-4886-8495-D4344D1E834A}.Debug|x86.ActiveCfg = Debug|Win32
		{BFC6A809-8D55-4886-8495-D4344D1E834A}.Debug|x86.Build.0 = Debug|Win32
		{BFC6A809-8D55-4886-8495-D4344D1E834A}.Release|x64.ActiveCfg = Release|x64
		{BFC6A809-8D55-4886-8495-D4344D1E834A}.Release|x64.Build.0 = Release|x64
		{BFC6A809-8D55-4886-8495-D4344D1E834A}.Release|x86.ActiveCfg = Release|Win32
		{BFC6A809-8D55-4886-8495-D4344D1E834A}.Release|x86.Build.0 = Release|Win32
		{94645179-A6A5-4BA1-95E9-38E3519426AC}.Debug|x64.ActiveCfg = Debug|x64
		{94645179-A6A5-4BA1-95E9-38E3519426AC}.Debug|x64.Build.0 = Debug|x64
		{94645179-A6A5-4BA1-95E9-38E3519426AC}.Debug|x86.ActiveCfg = Debug|Win32
		{94645179-A6A5-4BA1-95E9-38E3519426AC}.Debug|x86.Build.0 = Debug|Win32
		{94645179-A6A5-4BA1-95E9-38E3519426AC}.Release|x64.ActiveCfg = Release|x64
		{94645179-A6A5-4BA1-95E9-38E3519426AC}.Release|x64.Build.0 = Release|x64
		{94645179-A6A5-4BA1-95E9-38E3519426AC}.Release|x86.ActiveCfg = Release|Win32
		{94645179-A6A5-4BA1-95E9-38E3519426AC}.Release|x86.Build.0 = Release|Win32
		{9F452942-0190-4835-88B1-3A838B37C3B0}.Debug|x64.ActiveCfg = Debug|x64
		{9F452942-0190-4835-88B1-3A838B37C3B0}.Debug|x64.Build.0 = Debug|x64
		{9F452942-0190-4835-88B1-3A838B37C3B0}.Debug|x86.ActiveCfg = Debug|Win32
		{9F452942-0190-4835-88B1-3A838B37C3B0}.Debug|x86.Build.0 = Debug|Win32
		{9F452942-0190-4835-88B1-3A838B37C3B0}.Release|x64.ActiveCfg = Release|x64
		{9F452942-0190-4835-88B1-3A838B37C3B0}.Release|x64.Build.0 = Release|x64
		{9F452942-0190-4835-88B1-3A838B37C3B0}.Release|x86.ActiveCfg = Release|Win32
		{9F452942-0190-4835-88B1-3A838B37C3B0}.Release|x86.Build.0 = Release|Win32
		{D87AE299-8957-4793-AF99-C9782996866A}.Debug|x64.ActiveCfg = Debug|x64
		{D87AE299-8957-4793-AF99-C9782996866A}.Debug|x64.Build.0 = Debug|x64
		{D87AE299-8957-4793-AF99-C9782996866A}.Debug|x86.ActiveCfg = Debug|Win32
		{D87AE299-8957-4793-AF99-C9782996866A}.Debug|x86.Build.0 = Debug|Win32
		{D87AE299-8957-4793-AF99-C9782996866A}.Release|x64.ActiveCfg = Release|x64
		{D87AE299-8957-4793-AF99-C9782996866A}.Release|x64.Build.0 = Release|x64
		{D87AE299-8957-4793-AF99-C9782996866A}.Release|x86.ActiveCfg = Release|Win32
		{D87AE299-8957-4793-AF99-C9782996866A}.Release|x86.Build.0 = Release|Win32
		{C0F0F828-D408-40E7-982D-8C32E53F5A81}.Debug|x64.ActiveCfg = Debug|x64
		{C0F0F828-D408-40E7-982D-8C32E53F5A81}.Debug|x64.Build.0 = Debug|x64
		{C0F0F828-D408-40E7-982D-8C32E53F5A81}.Debug|x86.ActiveCfg = Debug|Win32
		{C0F0F828-D408-40E7-982D-8C32E53F5A81}.Debug|x86.Build.0 = Debug|Win32
		{C0F0F828-D408-40E7-982D-8C32E53F5A81}.Release|x64.ActiveCfg = Release|x64
		{C0F0F828-D408-40E7-982D-8C32E53F5A81}.Release|x64.Build.0 = Release|x64
		{C0F0F828-D408-40E7-982D-8C32E53F5A81}.Release|x86.ActiveCfg = Release|Win32
		{C0F0F828-D408-40E7-982D-8C32E53F5A81}.Release|x86.Build.0 = Release|Win32
		{15DF1E6E-E9B2-4772-9D33-DBD9176B5B7D}.Debug|x64.ActiveCfg = Debug|x64
		{15DF1E6E-E9B2-4772-9D33-DBD9176B5B7D}.Debug|x64.Build.0 = Debug|x64
		{15DF1E6E-E9B2-4772-9D33-DBD9176B5B7D}.Debug|x86.ActiveCfg = Debug|Win32
		{15DF1E6E-E9B2-4772-9D33-DBD9176B5B7D}.Debug|x86.Build.0 = Debug|Win32
		{15DF1E6E-E9B2-4772-9D33-DBD9176B5B7D}.Release|x64.ActiveCfg = Release|x64
		{15DF1E6E-E9B2-4772-9D33-DBD9176B5B7D}.Release|x64.Build.0 = Release|x64
		{15DF1E6E-E9B2-4772-9D33-DBD9176B5B7D}.Release|x86.ActiveCfg = Release|Win32
		{15DF1E6E-E9B2-4772-9D33-DBD9176B5B7D}.Release|x86.Build.0 = Release|Win32
		{F8C0F72E-249E-493F-8722-20708F58D2D8}.Debug|x64.ActiveCfg = Debug|x64
		{F8C0F72E-249E-493F-8722-20708F58D2D8}.Debug|x64.Build.0 = Debug|x64
		{F8C0F72E-249E-493F-8722-20708F58D2D8}.Debug|x86.ActiveCfg = Debug|Win32
		{F8C0F72E-249E-493F-8722-20708F58D2D8}.Debug|x86.Build.0 = Debug|Win32
		{F8C0F72E-249E-493F-8722-20708F58D2D8}.Release|x64.ActiveCfg = Release|x64
		{F8C0F72E-249E-493F-8722-20708F58D2D8}.Release|x64.Build.0 = Release|x64
		{F8C0F72E-249E-493F-8722-20708F58D2D8}.Release|x86.ActiveCfg = Release|Win32
		{F8C0F72E-249E-493F-8722-20708F58D2D8}.Release|x86.Build.0 = Release|Win32
		{632ED83B-D7EB-47F6-9968-97837FAC1640}.Debug|x64.ActiveCfg = Debug|x64
		{632ED83B-D7EB-47F6-9968-97837FAC1640}.Debug|x64.Build.0 = Debug|x64
		{632ED83B-D7EB-47F6-9968-97837FAC1640}.Debug|x86.ActiveCfg = Debug|Win32
		{632ED83B-D7EB-47F6-9968-97837FAC1640}.Debug|x86.Build.0 = Debug|Win32
		{632ED83B-D7EB-47F6-9968-97837FAC1640}.Release|x64.ActiveCfg = Release|x64
		{632ED83B-D7EB-47F6-9968-97837FAC1640}.Release|x64.Build.0 = Release|x64
		{632ED83B-D7EB-47F6-9968-97837FAC1640}.Release|x86.ActiveCfg = Release|Win32
		{632ED83B-D7EB-47F6-9968-97837FAC1640}.Release|x86.Build.0 = Release|Win32
		{8278575C-250A-4AA3-ACD3-9CF1A8D97D1E}.Debug|x64.ActiveCfg = Debug|x64
		{8278575C-250A-4AA3-ACD3-9CF1A8D97D1E}.Debug|x64.Build.0 = Debug|x64
		{8278575C-250A-4AA3-ACD3-9CF1A8D97D1E}.Debug|x86.ActiveCfg = Debug|Win32
		{8278575C-250A-4AA3-ACD3-9CF1A8D97D1E}.Debug|x86.Build.0 = Debug|Win32
		{8278575C-250A-4AA3-ACD3-9CF1A8D97D1E}.Release|x64.ActiveCfg = Release|x64
		{8278575C-250A-4AA3-ACD3-9CF1A8D97D1E}.Release|x64.Build.0 = Release|x64
		{8278575C-250A-4AA3-ACD3-9CF1A8D97D1E}.Release|x86.ActiveCfg = Release|Win32
		{8278575C-250A-4AA3-ACD3-9CF1A8D97D1E}.Release|x86.Build.0 = Release|Win32
		{673EF3DD-2FC7-44C6-A1F5-17D8807F0C90}.Debug|x64.ActiveCfg = Debug|x64
		{673EF3DD-2FC7-44C6-A1F5-17D8807F0C90}.Debug|x64.Build.0 = Debug|x64
		{673EF3DD-2FC7-44C6-A1F5-17D8807F0C90}.Debug|x86.ActiveCfg = Debug|Win32
		{673EF3DD-2FC7-44C6-A1F5-17D8807F0C90}.Debug|x86.Build.0 = Debug|Win32
		{673EF3DD-2FC7-44C6-A1F5-17D8807F0C90}.Release|x64.ActiveCfg = Release|x64
		{673EF3DD-2FC7-44C6-A1F5-17D8807F0C90}.Release|x64.Build.0 = Release|x64
		{673EF3DD-2FC7-44C6-A1F5-17D8807F0C90}.Release|x86.ActiveCfg = Release|Win32
		{673EF3DD-2FC7-44C6-A1F5-17D8807F0C90}.Release|x86.Build.0 = Release|Win32
		{6855B4B6-6E4B-4022-BB44-F03B4D6B43C7}.Debug|x64.ActiveCfg = Debug|x64
		{6855B4B6-6E4B-4022-BB44-F03B4D6B43C7}.Debug|x64.Build.0 = Debug|x64
		{6855B4B6-6E4B-4022-BB44-F03B4D6B43C7}.Debug|x86.ActiveCfg = Debug|Win32
		{6855B4B6-6E4B-4022-BB44-F03B4D6B43C7}.Debug|x86.Build.0 = Debug|Win32
		{6855B4B6-6E4B-4022-BB44-F03B4D6B43C7}.Release|x64.ActiveCfg = Release|x64
		{6855B4B6-6E4B-4022-BB44-F03B4D6B43C7}.Release|x64.Build.0 = Release|x64
		{6855B4B6-6E4B-4022-BB44-F03B4D6B43C7}.Release|x86.ActiveCfg = Release|Win32
		{6855B4B6-6E4B-4022-BB44-F03B4D6B43C7}.Release|x86.Build.0 = Release|Win32
		{0E266AB3-FC25-4179-A7A7-0F68FE0BE40E}.Debug|x64.ActiveCfg = Debug|x64
		{0E266AB3-FC25-4179-A7A7-0F68FE0BE40E}.Debug|x64.Build.0 = Debug|x64
		{0E266AB3-FC25-4179-A7A7-0F68FE0BE40E}.Debug|x86.ActiveCfg = Debug|Win32
		{0E266AB3-FC25-4179-A7A7-0F68FE0BE40E}.Debug|x86.Build.0 = Debug|Win32
		{0E266AB3-FC25-4179-A7A7-0F68FE0BE40E}.Release|x64.ActiveCfg = Release|x64
		{0E266AB3-FC25-4179-A7A7-0F68FE0BE40E}.Release|x64.Build.0 = Release|x64
		{0E266AB3-FC25-4179-A7A7-0F68FE0BE40E}.Release|x86.ActiveCfg = Release|Win32
		{0E266AB3-FC25-4179-A7A7-0F68FE0BE40E}.Release|x86.Build.0 = Release|Win32
		{A7415981-5A3E-4A9B-8553-62788956DCA1}.Debug|x64.ActiveCfg = Debug|x64
		{A7415981-5A3E-4A9B-8553-62788956DCA1}.Debug|x64.Build.0 = Debug|x64
		{A7415981-5A3E-4A9B-8553-62788956DCA1}.Debug|x86.ActiveCfg = Debug|Win32
		{A7415981-5A3E-4A9B-8553-62788956DCA1}.Debug|x86.Build.0 = Debug|Win32
		{A7415981-5A3E-4A9B-8553-62788956DCA1}.Release|x64.ActiveCfg = Release|x64
		{A7415981-5A3E-4A9B-8553-62788956DCA1}.Release|x64.Build.0 = Release|x64
		{A7415981-5A3E-4A9B-8553-62788956DCA1}.Release|x86.ActiveCfg = Release|Win32
		{A7415981-5A3E-4A9B-8553-62788956DCA1}.Release|x86.Build.0 = Release|Win32
		{D8B41635-A29B-4AD6-8B69-2A0F369AEA34}.Debug|x64.ActiveCfg = Debug|x64
		{D8B41635-A29B-4AD6-8B69-2A0F369AEA34}.Debug|x64.Build.0 = Debug|x64
		{D8B41635-A29B-4AD6-8B69-2A0F369AEA34}.Debug|x86.ActiveCfg = Debug|Win32
		{D8B41635-A29B-4AD6-8B69-2A0F369AEA34}.Debug|x86.Build.0 = Debug|Win32
		{D8B41635-A29B-4AD6-8B69-2A0F369AEA34}.Release|x64.ActiveCfg = Release|x64
		{D8B41635-A29B-4AD6-8B69-2A0F369AEA34}.Release|x64.Build.0 = Release|x64
		{D8B41635-A29B-4AD6-8B69-2A0F369AEA34}.Release|x86.ActiveCfg = Release|Win32
		{D8B41635-A29B-4AD6-8B69-2A0F369AEA34}.Release|x86.Build.0 = Release|Win32
		{E6ED0C7F-4148-4721-B243-3D6E8C2BF8E9}.Debug|x64.ActiveCfg = Debug|x64
		{E6ED0C7F-4148-4721-B243-3D6E8C2BF8E9}.Debug|x64.Build.0 = Debug|x64
		{E6ED0C7F-4148-4721-B243-3D6E8C2BF8E9}.Debug|x86.ActiveCfg = Debug|Win32
		{E6ED0C7F-4148-4721-B243-3D6E8C2BF8E9}.Debug|x86.Build.0 = Debug|Win32
		{E6ED0C7F-4148-4721-B243-3D6E8C2BF8E9}.Release|x64.ActiveCfg = Release|x64
		{E6ED0C7F-4148-4721-B243-3D6E8C2BF8E9}.Release|x64.Build.0 = Release|x64
		{E6ED0C7F-4148-4721-B243-3D6E8C2BF8E9}.Release|x86.ActiveCfg = Release|Win32
		{E6ED0C7F-4148-4721-B243-3D6E8C2BF8E9}.Release|x86.Build.0 = Release|Win32
		{1B789BCE-FCC1-4C86-BEDE-D15539114646}.Debug|x64.ActiveCfg = Debug|x64
		{1B789BCE-FCC1-4C86-BEDE-D15539114646}.Debug|x64.Build.0 = Debug|x64
		{1B789BCE-FCC1-4C86-BEDE-D15539114646}.Debug|x86.ActiveCfg = Debug|Win32
		{1B789BCE-FCC1-4C86-BEDE-D15539114646}.Debug|x86.Build.0 = Debug|Win32
		{1B789BCE-FCC1-4C86-BEDE-D15539114646}.Release|x64.ActiveCfg = Release|x64
		{1B789BCE-FCC1-4C86-BEDE-D15539114646}.Release|x64.Build.0 = Release|x64
		{1B789BCE-FCC1-4C86-BEDE-D15539114646}.Release|x86.ActiveCfg = Release|Win32
		{1B789BCE-FCC1-4C86-BEDE-D15539114646}.Release|x86.Build.0 = Release|Win32
		{2312A88B-5360-4395-8072-346D995A03F5}.Debug|x64.ActiveCfg = Debug|x64
		{2312A88B-5360-4395-8072-346D995A03F5}.Debug|x64.Build.0 = Debug|x64
		{2312A88B-5360-4395-8072-346D995A03F5}.Debug|x86.ActiveCfg = Debug|Win32
		{2312A88B-5360-4395-8072-346D995A03F5}.Debug|x86.Build.0 = Debug|Win32
		{2312A88B-5360-4395-8072-346D995A03F5}.Release|x64.ActiveCfg = Release|x64
		{2312A88B-5360-4395-8072-346D995A03F5}.Release|x64.Build.0 = Release|x64
		{2312A88B-5360-4395-8072-346D995A03F5}.Release|x86.ActiveCfg = Release|Win32
		{2312A88B-5360-4395-8072-346D995A03F5}.Release|x86.Build.0 = Release|Win32
	EndGlobalSection
	GlobalSection(SolutionProperties) = preSolution
		HideSolutionNode = FALSE
	EndGlobalSection
	GlobalSection(NestedProjects) = preSolution
		{EDE1EC78-A59C-4DE8-A9A0-4751E7EE7630} = {5EFFB161-C50E-46EB-BB58-662F10C00863}
		{AF941797-5245-430E-90B4-B953BE59F4C4} = {5EFFB161-C50E-46EB-BB58-662F10C00863}
		{6013412F-978F-444A-885A-BDA8CB00015F} = {5EFFB161-C50E-46EB-BB58-662F10C00863}
		{495F4407-291C-4A1F-8396-7280D9629F04} = {5EFFB161-C50E-46EB-BB58-662F10C00863}
		{CCE12A99-27A9-444B-A36A-BFE8A7FAA4FF} = {495F4407-291C-4A1F-8396-7280D9629F04}
		{605A30A0-93A1-4F3D-A627-EBA583DBBF62} = {495F4407-291C-4A1F-8396-7280D9629F04}
		{7740EB4B-4561-4966-8758-ACF3F1AAD51E} = {495F4407-291C-4A1F-8396-7280D9629F04}
		{B8035E58-A471-409E-A9B1-B01DD4E4ED0E} = {6CFFFCFE-E0AB-4781-8837-B8C341940E7B}
		{5031EFAB-A9F4-4E23-98AA-01EEF5614541} = {6CFFFCFE-E0AB-4781-8837-B8C341940E7B}
		{B0F08C3F-AFE7-4A15-9403-F54964103D93} = {6CFFFCFE-E0AB-4781-8837-B8C341940E7B}
		{B2A1DCB9-CA10-42FB-BB8B-F8C78816878B} = {6CFFFCFE-E0AB-4781-8837-B8C341940E7B}
		{8CDA135C-B0AB-45FC-B519-BF5A34295CF0} = {6CFFFCFE-E0AB-4781-8837-B8C341940E7B}
		{D87D35B0-E0B2-496A-B605-64787EE182F8} = {6CFFFCFE-E0AB-4781-8837-B8C341940E7B}
		{70C12896-8250-408D-ADD1-1CC280D09C68} = {6CFFFCFE-E0AB-4781-8837-B8C341940E7B}
		{0BFD15B7-8798-4C04-84FC-FACA9A052F2D} = {B802DB75-06A1-4B5C-9588-00B6CDDD5E0A}
		{307551E5-760D-4252-B416-37A7930FDA6A} = {B802DB75-06A1-4B5C-9588-00B6CDDD5E0A}
		{F26E11DA-FC78-45BE-8A49-F87B5B96E2D1} = {B802DB75-06A1-4B5C-9588-00B6CDDD5E0A}
		{31CAC970-98B9-4679-B2DE-7B31ED970446} = {B802DB75-06A1-4B5C-9588-00B6CDDD5E0A}
		{436943BA-7170-4FED-97E8-DE4142ABB460} = {B802DB75-06A1-4B5C-9588-00B6CDDD5E0A}
		{E9AB00CF-7136-4AAA-B9A9-59A12ED64376} = {B802DB75-06A1-4B5C-9588-00B6CDDD5E0A}
		{6D21F32F-89EE-4F76-8530-4AB65D57978E} = {B802DB75-06A1-4B5C-9588-00B6CDDD5E0A}
		{B5A1B8D9-1666-49DE-9201-123BDE6D95F4} = {B802DB75-06A1-4B5C-9588-00B6CDDD5E0A}
		{88F16EA5-158B-4762-9ED3-1B36DAC52B3D} = {B802DB75-06A1-4B5C-9588-00B6CDDD5E0A}
		{7CEAF92A-2221-40DA-9F4F-16758EDA52A9} = {B802DB75-06A1-4B5C-9588-00B6CDDD5E0A}
		{BFC6A809-8D55-4886-8495-D4344D1E834A} = {4EB77F45-E2D6-4CBC-9795-4AADD327A058}
		{94645179-A6A5-4BA1-95E9-38E3519426AC} = {4EB77F45-E2D6-4CBC-9795-4AADD327A058}
		{9F452942-0190-4835-88B1-3A838B37C3B0} = {4EB77F45-E2D6-4CBC-9795-4AADD327A058}
		{D87AE299-8957-4793-AF99-C9782996866A} = {4EB77F45-E2D6-4CBC-9795-4AADD327A058}
		{C0F0F828-D408-40E7-982D-8C32E53F5A81} = {4EB77F45-E2D6-4CBC-9795-4AADD327A058}
		{15DF1E6E-E9B2-4772-9D33-DBD9176B5B7D} = {4EB77F45-E2D6-4CBC-9795-4AADD327A058}
		{F8C0F72E-249E-493F-8722-20708F58D2D8} = {4EB77F45-E2D6-4CBC-9795-4AADD327A058}
		{632ED83B-D7EB-47F6-9968-97837FAC1640} = {4EB77F45-E2D6-4CBC-9795-4AADD327A058}
		{8278575C-250A-4AA3-ACD3-9CF1A8D97D1E} = {4EB77F45-E2D6-4CBC-9795-4AADD327A058}
		{673EF3DD-2FC7-44C6-A1F5-17D8807F0C90} = {B802DB75-06A1-4B5C-9588-00B6CDDD5E0A}
		{6855B4B6-6E4B-4022-BB44-F03B4D6B43C7} = {B802DB75-06A1-4B5C-9588-00B6CDDD5E0A}
		{0E266AB3-FC25-4179-A7A7-0F68FE0BE40E} = {4EB77F45-E2D6-4CBC-9795-4AADD327A058}
		{A7415981-5A3E-4A9B-8553-62788956DCA1} = {4EB77F45-E2D6-4CBC-9795-4AADD327A058}
		{D8B41635-A29B-4AD6-8B69-2A0F369AEA34} = {4EB77F45-E2D6-4CBC-9795-4AADD327A058}
		{E6ED0C7F-4148-4721-B243-3D6E8C2BF8E9} = {4EB77F45-E2D6-4CBC-9795-4AADD327A058}
		{1B789BCE-FCC1-4C86-BEDE-D15539114646} = {4EB77F45-E2D6-4CBC-9795-4AADD327A058}
		{2312A88B-5360-4395-8072-346D995A03F5} = {4EB77F45-E2D6-4CBC-9795-4AADD327A058}
	EndGlobalSection
	GlobalSection(ExtensibilityGlobals) = postSolution
		SolutionGuid = {EDB484EF-311D-4757-ADD0-55B578187B53}
	EndGlobalSection
EndGlobal
